// !$*UTF8*$!
{
	archiveVersion = 1;
	classes = {
	};
	objectVersion = 50;
	objects = {

/* Begin PBXBuildFile section */
		681F0990221CE3A7003A4869 /* SignView.m in Sources */ = {isa = PBXBuildFile; fileRef = 681F098F221CE3A7003A4869 /* SignView.m */; };
		681F09B6221CE812003A4869 /* RCTSignView.m in Sources */ = {isa = PBXBuildFile; fileRef = 681F09B5221CE812003A4869 /* RCTSignView.m */; };
		682F002F2211A99300EA2011 /* SignViewManager.m in Sources */ = {isa = PBXBuildFile; fileRef = 682F002E2211A99300EA2011 /* SignViewManager.m */; };
/* End PBXBuildFile section */

/* Begin PBXCopyFilesBuildPhase section */
		682FFFDD221199DF00EA2011 /* CopyFiles */ = {
			isa = PBXCopyFilesBuildPhase;
			buildActionMask = 2147483647;
			dstPath = "include/$(PRODUCT_NAME)";
			dstSubfolderSpec = 16;
			files = (
			);
			runOnlyForDeploymentPostprocessing = 0;
		};
/* End PBXCopyFilesBuildPhase section */

/* Begin PBXFileReference section */
		681F098F221CE3A7003A4869 /* SignView.m */ = {isa = PBXFileReference; lastKnownFileType = sourcecode.c.objc; path = SignView.m; sourceTree = "<group>"; };
		681F09B4221CE3E2003A4869 /* SignView.h */ = {isa = PBXFileReference; lastKnownFileType = sourcecode.c.h; path = SignView.h; sourceTree = "<group>"; };
		681F09B5221CE812003A4869 /* RCTSignView.m */ = {isa = PBXFileReference; lastKnownFileType = sourcecode.c.objc; path = RCTSignView.m; sourceTree = "<group>"; };
		681F09B7221CE8F0003A4869 /* RCTSignView.h */ = {isa = PBXFileReference; lastKnownFileType = sourcecode.c.h; path = RCTSignView.h; sourceTree = "<group>"; };
		682F002E2211A99300EA2011 /* SignViewManager.m */ = {isa = PBXFileReference; lastKnownFileType = sourcecode.c.objc; path = SignViewManager.m; sourceTree = "<group>"; };
		682FFFDF221199DF00EA2011 /* libReactNativeSignView.a */ = {isa = PBXFileReference; explicitFileType = archive.ar; includeInIndex = 0; path = libReactNativeSignView.a; sourceTree = BUILT_PRODUCTS_DIR; };
		68777C9A221DC86D008550D3 /* SignViewCallbacks.h */ = {isa = PBXFileReference; lastKnownFileType = sourcecode.c.h; path = SignViewCallbacks.h; sourceTree = "<group>"; };
/* End PBXFileReference section */

/* Begin PBXFrameworksBuildPhase section */
		682FFFDC221199DF00EA2011 /* Frameworks */ = {
			isa = PBXFrameworksBuildPhase;
			buildActionMask = 2147483647;
			files = (
			);
			runOnlyForDeploymentPostprocessing = 0;
		};
/* End PBXFrameworksBuildPhase section */

/* Begin PBXGroup section */
		682FFFD6221199DF00EA2011 = {
			isa = PBXGroup;
			children = (
				682FFFE1221199DF00EA2011 /* ReactNativeSignView */,
				682FFFE0221199DF00EA2011 /* Products */,
			);
			sourceTree = "<group>";
		};
		682FFFE0221199DF00EA2011 /* Products */ = {
			isa = PBXGroup;
			children = (
				682FFFDF221199DF00EA2011 /* libReactNativeSignView.a */,
			);
			name = Products;
			sourceTree = "<group>";
		};
		682FFFE1221199DF00EA2011 /* ReactNativeSignView */ = {
			isa = PBXGroup;
			children = (
				682F002E2211A99300EA2011 /* SignViewManager.m */,
				681F098F221CE3A7003A4869 /* SignView.m */,
				681F09B4221CE3E2003A4869 /* SignView.h */,
				681F09B5221CE812003A4869 /* RCTSignView.m */,
				681F09B7221CE8F0003A4869 /* RCTSignView.h */,
				68777C9A221DC86D008550D3 /* SignViewCallbacks.h */,
			);
			path = ReactNativeSignView;
			sourceTree = "<group>";
		};
/* End PBXGroup section */

/* Begin PBXNativeTarget section */
		682FFFDE221199DF00EA2011 /* ReactNativeSignView */ = {
			isa = PBXNativeTarget;
			buildConfigurationList = 682FFFE8221199DF00EA2011 /* Build configuration list for PBXNativeTarget "ReactNativeSignView" */;
			buildPhases = (
				682FFFDB221199DF00EA2011 /* Sources */,
				682FFFDC221199DF00EA2011 /* Frameworks */,
				682FFFDD221199DF00EA2011 /* CopyFiles */,
			);
			buildRules = (
			);
			dependencies = (
			);
			name = ReactNativeSignView;
			productName = ReactNativeSignView;
			productReference = 682FFFDF221199DF00EA2011 /* libReactNativeSignView.a */;
			productType = "com.apple.product-type.library.static";
		};
/* End PBXNativeTarget section */

/* Begin PBXProject section */
		682FFFD7221199DF00EA2011 /* Project object */ = {
			isa = PBXProject;
			attributes = {
				LastUpgradeCheck = 1010;
				ORGANIZATIONNAME = Tekion;
				TargetAttributes = {
					682FFFDE221199DF00EA2011 = {
						CreatedOnToolsVersion = 10.1;
						LastSwiftMigration = 1010;
					};
				};
			};
			buildConfigurationList = 682FFFDA221199DF00EA2011 /* Build configuration list for PBXProject "ReactNativeSignView" */;
			compatibilityVersion = "Xcode 9.3";
			developmentRegion = en;
			hasScannedForEncodings = 0;
			knownRegions = (
				en,
			);
			mainGroup = 682FFFD6221199DF00EA2011;
			productRefGroup = 682FFFE0221199DF00EA2011 /* Products */;
			projectDirPath = "";
			projectRoot = "";
			targets = (
				682FFFDE221199DF00EA2011 /* ReactNativeSignView */,
			);
		};
/* End PBXProject section */

/* Begin PBXSourcesBuildPhase section */
		682FFFDB221199DF00EA2011 /* Sources */ = {
			isa = PBXSourcesBuildPhase;
			buildActionMask = 2147483647;
			files = (
				682F002F2211A99300EA2011 /* SignViewManager.m in Sources */,
				681F09B6221CE812003A4869 /* RCTSignView.m in Sources */,
				681F0990221CE3A7003A4869 /* SignView.m in Sources */,
			);
			runOnlyForDeploymentPostprocessing = 0;
		};
/* End PBXSourcesBuildPhase section */

/* Begin XCBuildConfiguration section */
		682FFFE6221199DF00EA2011 /* Debug */ = {
			isa = XCBuildConfiguration;
			buildSettings = {
				ALWAYS_SEARCH_USER_PATHS = NO;
				CLANG_ANALYZER_NONNULL = YES;
				CLANG_ANALYZER_NUMBER_OBJECT_CONVERSION = YES_AGGRESSIVE;
				CLANG_CXX_LANGUAGE_STANDARD = "gnu++14";
				CLANG_CXX_LIBRARY = "libc++";
				CLANG_ENABLE_MODULES = YES;
				CLANG_ENABLE_OBJC_ARC = YES;
				CLANG_ENABLE_OBJC_WEAK = YES;
				CLANG_WARN_BLOCK_CAPTURE_AUTORELEASING = YES;
				CLANG_WARN_BOOL_CONVERSION = YES;
				CLANG_WARN_COMMA = YES;
				CLANG_WARN_CONSTANT_CONVERSION = YES;
				CLANG_WARN_DEPRECATED_OBJC_IMPLEMENTATIONS = YES;
				CLANG_WARN_DIRECT_OBJC_ISA_USAGE = YES_ERROR;
				CLANG_WARN_DOCUMENTATION_COMMENTS = YES;
				CLANG_WARN_EMPTY_BODY = YES;
				CLANG_WARN_ENUM_CONVERSION = YES;
				CLANG_WARN_INFINITE_RECURSION = YES;
				CLANG_WARN_INT_CONVERSION = YES;
				CLANG_WARN_NON_LITERAL_NULL_CONVERSION = YES;
				CLANG_WARN_OBJC_IMPLICIT_RETAIN_SELF = YES;
				CLANG_WARN_OBJC_LITERAL_CONVERSION = YES;
				CLANG_WARN_OBJC_ROOT_CLASS = YES_ERROR;
				CLANG_WARN_RANGE_LOOP_ANALYSIS = YES;
				CLANG_WARN_STRICT_PROTOTYPES = YES;
				CLANG_WARN_SUSPICIOUS_MOVE = YES;
				CLANG_WARN_UNGUARDED_AVAILABILITY = YES_AGGRESSIVE;
				CLANG_WARN_UNREACHABLE_CODE = YES;
				CLANG_WARN__DUPLICATE_METHOD_MATCH = YES;
				CODE_SIGN_IDENTITY = "iPhone Developer";
				COPY_PHASE_STRIP = NO;
				DEBUG_INFORMATION_FORMAT = dwarf;
				ENABLE_STRICT_OBJC_MSGSEND = YES;
				ENABLE_TESTABILITY = YES;
				GCC_C_LANGUAGE_STANDARD = gnu11;
				GCC_DYNAMIC_NO_PIC = NO;
				GCC_NO_COMMON_BLOCKS = YES;
				GCC_OPTIMIZATION_LEVEL = 0;
				GCC_PREPROCESSOR_DEFINITIONS = (
					"DEBUG=1",
					"$(inherited)",
				);
				GCC_WARN_64_TO_32_BIT_CONVERSION = YES;
				GCC_WARN_ABOUT_RETURN_TYPE = YES_ERROR;
				GCC_WARN_UNDECLARED_SELECTOR = YES;
				GCC_WARN_UNINITIALIZED_AUTOS = YES_AGGRESSIVE;
				GCC_WARN_UNUSED_FUNCTION = YES;
				GCC_WARN_UNUSED_VARIABLE = YES;
				IPHONEOS_DEPLOYMENT_TARGET = 12.1;
				MTL_ENABLE_DEBUG_INFO = INCLUDE_SOURCE;
				MTL_FAST_MATH = YES;
				ONLY_ACTIVE_ARCH = YES;
				SDKROOT = iphoneos;
			};
			name = Debug;
		};
		682FFFE7221199DF00EA2011 /* Release */ = {
			isa = XCBuildConfiguration;
			buildSettings = {
				ALWAYS_SEARCH_USER_PATHS = NO;
				CLANG_ANALYZER_NONNULL = YES;
				CLANG_ANALYZER_NUMBER_OBJECT_CONVERSION = YES_AGGRESSIVE;
				CLANG_CXX_LANGUAGE_STANDARD = "gnu++14";
				CLANG_CXX_LIBRARY = "libc++";
				CLANG_ENABLE_MODULES = YES;
				CLANG_ENABLE_OBJC_ARC = YES;
				CLANG_ENABLE_OBJC_WEAK = YES;
				CLANG_WARN_BLOCK_CAPTURE_AUTORELEASING = YES;
				CLANG_WARN_BOOL_CONVERSION = YES;
				CLANG_WARN_COMMA = YES;
				CLANG_WARN_CONSTANT_CONVERSION = YES;
				CLANG_WARN_DEPRECATED_OBJC_IMPLEMENTATIONS = YES;
				CLANG_WARN_DIRECT_OBJC_ISA_USAGE = YES_ERROR;
				CLANG_WARN_DOCUMENTATION_COMMENTS = YES;
				CLANG_WARN_EMPTY_BODY = YES;
				CLANG_WARN_ENUM_CONVERSION = YES;
				CLANG_WARN_INFINITE_RECURSION = YES;
				CLANG_WARN_INT_CONVERSION = YES;
				CLANG_WARN_NON_LITERAL_NULL_CONVERSION = YES;
				CLANG_WARN_OBJC_IMPLICIT_RETAIN_SELF = YES;
				CLANG_WARN_OBJC_LITERAL_CONVERSION = YES;
				CLANG_WARN_OBJC_ROOT_CLASS = YES_ERROR;
				CLANG_WARN_RANGE_LOOP_ANALYSIS = YES;
				CLANG_WARN_STRICT_PROTOTYPES = YES;
				CLANG_WARN_SUSPICIOUS_MOVE = YES;
				CLANG_WARN_UNGUARDED_AVAILABILITY = YES_AGGRESSIVE;
				CLANG_WARN_UNREACHABLE_CODE = YES;
				CLANG_WARN__DUPLICATE_METHOD_MATCH = YES;
				CODE_SIGN_IDENTITY = "iPhone Developer";
				COPY_PHASE_STRIP = NO;
				DEBUG_INFORMATION_FORMAT = "dwarf-with-dsym";
				ENABLE_NS_ASSERTIONS = NO;
				ENABLE_STRICT_OBJC_MSGSEND = YES;
				GCC_C_LANGUAGE_STANDARD = gnu11;
				GCC_NO_COMMON_BLOCKS = YES;
				GCC_WARN_64_TO_32_BIT_CONVERSION = YES;
				GCC_WARN_ABOUT_RETURN_TYPE = YES_ERROR;
				GCC_WARN_UNDECLARED_SELECTOR = YES;
				GCC_WARN_UNINITIALIZED_AUTOS = YES_AGGRESSIVE;
				GCC_WARN_UNUSED_FUNCTION = YES;
				GCC_WARN_UNUSED_VARIABLE = YES;
				IPHONEOS_DEPLOYMENT_TARGET = 12.1;
				MTL_ENABLE_DEBUG_INFO = NO;
				MTL_FAST_MATH = YES;
				SDKROOT = iphoneos;
				VALIDATE_PRODUCT = YES;
			};
			name = Release;
		};
		682FFFE9221199DF00EA2011 /* Debug */ = {
			isa = XCBuildConfiguration;
			buildSettings = {
				ALWAYS_EMBED_SWIFT_STANDARD_LIBRARIES = NO;
				CLANG_ENABLE_MODULES = YES;
				CODE_SIGN_STYLE = Automatic;
				LD_RUNPATH_SEARCH_PATHS = (
					"$(inherited)",
					"@executable_path/Frameworks",
					"@loader_path/Frameworks",
				);
				OTHER_LDFLAGS = "-ObjC";
				PRODUCT_NAME = "$(TARGET_NAME)";
				SKIP_INSTALL = YES;
				SWIFT_OBJC_BRIDGING_HEADER = "ReactNativeSignView/unused_swift_code/ReactNativeSignView-Bridging-Header.h";
				SWIFT_OPTIMIZATION_LEVEL = "-Onone";
				SWIFT_VERSION = 4.2;
				TARGETED_DEVICE_FAMILY = "1,2";
			};
			name = Debug;
		};
		682FFFEA221199DF00EA2011 /* Release */ = {
			isa = XCBuildConfiguration;
			buildSettings = {
				ALWAYS_EMBED_SWIFT_STANDARD_LIBRARIES = NO;
				CLANG_ENABLE_MODULES = YES;
				CODE_SIGN_STYLE = Automatic;
				LD_RUNPATH_SEARCH_PATHS = (
					"$(inherited)",
					"@executable_path/Frameworks",
					"@loader_path/Frameworks",
				);
				OTHER_LDFLAGS = "-ObjC";
				PRODUCT_NAME = "$(TARGET_NAME)";
				SKIP_INSTALL = YES;
				SWIFT_OBJC_BRIDGING_HEADER = "ReactNativeSignView/unused_swift_code/ReactNativeSignView-Bridging-Header.h";
				SWIFT_VERSION = 4.2;
				TARGETED_DEVICE_FAMILY = "1,2";
			};
			name = Release;
		};
/* End XCBuildConfiguration section */

/* Begin XCConfigurationList section */
		682FFFDA221199DF00EA2011 /* Build configuration list for PBXProject "ReactNativeSignView" */ = {
			isa = XCConfigurationList;
			buildConfigurations = (
				682FFFE6221199DF00EA2011 /* Debug */,
				682FFFE7221199DF00EA2011 /* Release */,
			);
			defaultConfigurationIsVisible = 0;
			defaultConfigurationName = Release;
		};
		682FFFE8221199DF00EA2011 /* Build configuration list for PBXNativeTarget "ReactNativeSignView" */ = {
			isa = XCConfigurationList;
			buildConfigurations = (
				682FFFE9221199DF00EA2011 /* Debug */,
				682FFFEA221199DF00EA2011 /* Release */,
			);
			defaultConfigurationIsVisible = 0;
			defaultConfigurationName = Release;
		};
/* End XCConfigurationList section */
	};
	rootObject = 682FFFD7221199DF00EA2011 /* Project object */;
}
